
Microsoft Visual Studio Solution File, Format Version 12.00
# Visual Studio Version 17
VisualStudioVersion = 17.8.34330.188
MinimumVisualStudioVersion = 10.0.40219.1
Project("{FAE04EC0-301F-11D3-BF4B-00C04F79EFBC}") = "ShoppingCart", "ShoppingCart\ShoppingCart.csproj", "{DFFE07FB-E10D-494E-8B55-B2231F50FC55}"
EndProject
Global
	GlobalSection(SolutionConfigurationPlatforms) = preSolution
		Debug|Any CPU = Debug|Any CPU
		Release|Any CPU = Release|Any CPU
	EndGlobalSection
	GlobalSection(ProjectConfigurationPlatforms) = postSolution
		{DFFE07FB-E10D-494E-8B55-B2231F50FC55}.Debug|Any CPU.ActiveCfg = Debug|Any CPU
		{DFFE07FB-E10D-494E-8B55-B2231F50FC55}.Debug|Any CPU.Build.0 = Debug|Any CPU
		{DFFE07FB-E10D-494E-8B55-B2231F50FC55}.Release|Any CPU.ActiveCfg = Release|Any CPU
		{DFFE07FB-E10D-494E-8B55-B2231F50FC55}.Release|Any CPU.Build.0 = Release|Any CPU
	EndGlobalSection
	GlobalSection(SolutionProperties) = preSolution
		HideSolutionNode = FALSE
	EndGlobalSection
	GlobalSection(ExtensibilityGlobals) = postSolution
		SolutionGuid = {5D198DEC-B146-4E0C-81C7-A815730898EA}
	EndGlobalSection
EndGlobal
